
Microsoft Visual Studio Solution File, Format Version 12.00
# Visual Studio Version 17
VisualStudioVersion = 17.8.34525.116
MinimumVisualStudioVersion = 10.0.40219.1
Project("{FAE04EC0-301F-11D3-BF4B-00C04F79EFBC}") = "InventoryManagementSystem", "InventoryManagementSystem.csproj", "{921F976D-AA2C-474C-BCBC-AC7D093F4148}"
EndProject
Global
	GlobalSection(SolutionConfigurationPlatforms) = preSolution
		Debug|Any CPU = Debug|Any CPU
		Release|Any CPU = Release|Any CPU
	EndGlobalSection
	GlobalSection(ProjectConfigurationPlatforms) = postSolution
		{921F976D-AA2C-474C-BCBC-AC7D093F4148}.Debug|Any CPU.ActiveCfg = Debug|Any CPU
		{921F976D-AA2C-474C-BCBC-AC7D093F4148}.Debug|Any CPU.Build.0 = Debug|Any CPU
		{921F976D-AA2C-474C-BCBC-AC7D093F4148}.Release|Any CPU.ActiveCfg = Release|Any CPU
		{921F976D-AA2C-474C-BCBC-AC7D093F4148}.Release|Any CPU.Build.0 = Release|Any CPU
	EndGlobalSection
	GlobalSection(SolutionProperties) = preSolution
		HideSolutionNode = FALSE
	EndGlobalSection
	GlobalSection(ExtensibilityGlobals) = postSolution
		SolutionGuid = {0C1C3863-04FB-4888-AB95-1FBA51710893}
	EndGlobalSection
EndGlobal
